
Microsoft Visual Studio Solution File, Format Version 12.00
# Visual Studio 15
VisualStudioVersion = 15.0.28010.2046
MinimumVisualStudioVersion = 10.0.40219.1
Project("{FAE04EC0-301F-11D3-BF4B-00C04F79EFBC}") = "200393775F", "200393775F\200393775F.csproj", "{C3809258-A794-48FE-8AC5-B1F314CCBDA8}"
EndProject
Global
	GlobalSection(SolutionConfigurationPlatforms) = preSolution
		Debug|Any CPU = Debug|Any CPU
		Release|Any CPU = Release|Any CPU
	EndGlobalSection
	GlobalSection(ProjectConfigurationPlatforms) = postSolution
		{C3809258-A794-48FE-8AC5-B1F314CCBDA8}.Debug|Any CPU.ActiveCfg = Debug|Any CPU
		{C3809258-A794-48FE-8AC5-B1F314CCBDA8}.Debug|Any CPU.Build.0 = Debug|Any CPU
		{C3809258-A794-48FE-8AC5-B1F314CCBDA8}.Release|Any CPU.ActiveCfg = Release|Any CPU
		{C3809258-A794-48FE-8AC5-B1F314CCBDA8}.Release|Any CPU.Build.0 = Release|Any CPU
	EndGlobalSection
	GlobalSection(SolutionProperties) = preSolution
		HideSolutionNode = FALSE
	EndGlobalSection
	GlobalSection(ExtensibilityGlobals) = postSolution
		SolutionGuid = {AB46DB07-B9C2-4122-883A-566D271D4200}
	EndGlobalSection
EndGlobal
